
Microsoft Visual Studio Solution File, Format Version 10.00
# Visual Studio 2008
Project("{FAE04EC0-301F-11D3-BF4B-00C04F79EFBC}") = "BPacket", "BPacket\BPacket.csproj", "{8A184AF5-E46C-482C-81A3-76D8CE290104}"
EndProject
Project("{FAE04EC0-301F-11D3-BF4B-00C04F79EFBC}") = "PcapDotNet.Console", "PcapDotNet.Console\PcapDotNet.Console.csproj", "{5B4E80EB-DED5-4F20-871A-D9567F3F79DD}"
EndProject
Project("{8BC9CEB8-8B4A-11D0-8D11-00A0C91BC942}") = "PcapDotNet.Core", "PcapDotNet.Core\WinPCapDotNet.Core.vcproj", "{89C63BE1-AF9A-472E-B256-A4F56B1655A7}"
EndProject
Project("{FAE04EC0-301F-11D3-BF4B-00C04F79EFBC}") = "PcapDotNet.Core.Test", "PcapDotNet.Core.Test\PcapDotNet.Core.Test.csproj", "{045A6460-C260-4CDA-8030-FD19A0086C95}"
EndProject
Project("{2150E333-8FDC-42A3-9474-1A3956D46DE8}") = "Solution Items", "Solution Items", "{0D5DCCC5-A509-4B4E-90B0-92390C6EA06F}"
	ProjectSection(SolutionItems) = preProject
		LocalTestRun.testrunconfig = LocalTestRun.testrunconfig
		PcapDotNet.vsmdi = PcapDotNet.vsmdi
	EndProjectSection
EndProject
Global
	GlobalSection(TeamFoundationVersionControl) = preSolution
		SccNumberOfProjects = 5
		SccEnterpriseProvider = {4CA58AB2-18FA-4F8D-95D4-32DDF27D184C}
		SccTeamFoundationServer = https://tfs06.codeplex.com/
		SccLocalPath0 = .
		SccProjectUniqueName1 = BPacket\\BPacket.csproj
		SccProjectName1 = BPacket
		SccLocalPath1 = BPacket
		SccProjectUniqueName2 = PcapDotNet.Core\\WinPCapDotNet.Core.vcproj
		SccProjectName2 = PcapDotNet.Core
		SccLocalPath2 = PcapDotNet.Core
		SccProjectUniqueName3 = PcapDotNet.Console\\PcapDotNet.Console.csproj
		SccProjectName3 = PcapDotNet.Console
		SccLocalPath3 = PcapDotNet.Console
		SccProjectUniqueName4 = PcapDotNet.Core.Test\\PcapDotNet.Core.Test.csproj
		SccProjectName4 = PcapDotNet.Core.Test
		SccLocalPath4 = PcapDotNet.Core.Test
	EndGlobalSection
	GlobalSection(TestCaseManagementSettings) = postSolution
		CategoryFile = PcapDotNet.vsmdi
	EndGlobalSection
	GlobalSection(SolutionConfigurationPlatforms) = preSolution
		Debug|Any CPU = Debug|Any CPU
		Debug|Mixed Platforms = Debug|Mixed Platforms
		Debug|Win32 = Debug|Win32
		Release|Any CPU = Release|Any CPU
		Release|Mixed Platforms = Release|Mixed Platforms
		Release|Win32 = Release|Win32
	EndGlobalSection
	GlobalSection(ProjectConfigurationPlatforms) = postSolution
		{8A184AF5-E46C-482C-81A3-76D8CE290104}.Debug|Any CPU.ActiveCfg = Debug|Any CPU
		{8A184AF5-E46C-482C-81A3-76D8CE290104}.Debug|Any CPU.Build.0 = Debug|Any CPU
		{8A184AF5-E46C-482C-81A3-76D8CE290104}.Debug|Mixed Platforms.ActiveCfg = Debug|Any CPU
		{8A184AF5-E46C-482C-81A3-76D8CE290104}.Debug|Mixed Platforms.Build.0 = Debug|Any CPU
		{8A184AF5-E46C-482C-81A3-76D8CE290104}.Debug|Win32.ActiveCfg = Debug|Any CPU
		{8A184AF5-E46C-482C-81A3-76D8CE290104}.Release|Any CPU.ActiveCfg = Release|Any CPU
		{8A184AF5-E46C-482C-81A3-76D8CE290104}.Release|Any CPU.Build.0 = Release|Any CPU
		{8A184AF5-E46C-482C-81A3-76D8CE290104}.Release|Mixed Platforms.ActiveCfg = Release|Any CPU
		{8A184AF5-E46C-482C-81A3-76D8CE290104}.Release|Mixed Platforms.Build.0 = Release|Any CPU
		{8A184AF5-E46C-482C-81A3-76D8CE290104}.Release|Win32.ActiveCfg = Release|Any CPU
		{5B4E80EB-DED5-4F20-871A-D9567F3F79DD}.Debug|Any CPU.ActiveCfg = Debug|Any CPU
		{5B4E80EB-DED5-4F20-871A-D9567F3F79DD}.Debug|Any CPU.Build.0 = Debug|Any CPU
		{5B4E80EB-DED5-4F20-871A-D9567F3F79DD}.Debug|Mixed Platforms.ActiveCfg = Debug|Any CPU
		{5B4E80EB-DED5-4F20-871A-D9567F3F79DD}.Debug|Win32.ActiveCfg = Debug|Any CPU
		{5B4E80EB-DED5-4F20-871A-D9567F3F79DD}.Release|Any CPU.ActiveCfg = Release|Any CPU
		{5B4E80EB-DED5-4F20-871A-D9567F3F79DD}.Release|Any CPU.Build.0 = Release|Any CPU
		{5B4E80EB-DED5-4F20-871A-D9567F3F79DD}.Release|Mixed Platforms.ActiveCfg = Release|Any CPU
		{5B4E80EB-DED5-4F20-871A-D9567F3F79DD}.Release|Win32.ActiveCfg = Release|Any CPU
		{89C63BE1-AF9A-472E-B256-A4F56B1655A7}.Debug|Any CPU.ActiveCfg = Debug|Win32
		{89C63BE1-AF9A-472E-B256-A4F56B1655A7}.Debug|Mixed Platforms.ActiveCfg = Debug|Win32
		{89C63BE1-AF9A-472E-B256-A4F56B1655A7}.Debug|Mixed Platforms.Build.0 = Debug|Win32
		{89C63BE1-AF9A-472E-B256-A4F56B1655A7}.Debug|Win32.ActiveCfg = Debug|Win32
		{89C63BE1-AF9A-472E-B256-A4F56B1655A7}.Debug|Win32.Build.0 = Debug|Win32
		{89C63BE1-AF9A-472E-B256-A4F56B1655A7}.Release|Any CPU.ActiveCfg = Release|Win32
		{89C63BE1-AF9A-472E-B256-A4F56B1655A7}.Release|Mixed Platforms.ActiveCfg = Release|Win32
		{89C63BE1-AF9A-472E-B256-A4F56B1655A7}.Release|Mixed Platforms.Build.0 = Release|Win32
		{89C63BE1-AF9A-472E-B256-A4F56B1655A7}.Release|Win32.ActiveCfg = Release|Win32
		{89C63BE1-AF9A-472E-B256-A4F56B1655A7}.Release|Win32.Build.0 = Release|Win32
		{045A6460-C260-4CDA-8030-FD19A0086C95}.Debug|Any CPU.ActiveCfg = Debug|Any CPU
		{045A6460-C260-4CDA-8030-FD19A0086C95}.Debug|Any CPU.Build.0 = Debug|Any CPU
		{045A6460-C260-4CDA-8030-FD19A0086C95}.Debug|Mixed Platforms.ActiveCfg = Debug|Any CPU
		{045A6460-C260-4CDA-8030-FD19A0086C95}.Debug|Mixed Platforms.Build.0 = Debug|Any CPU
		{045A6460-C260-4CDA-8030-FD19A0086C95}.Debug|Win32.ActiveCfg = Debug|Any CPU
		{045A6460-C260-4CDA-8030-FD19A0086C95}.Release|Any CPU.ActiveCfg = Release|Any CPU
		{045A6460-C260-4CDA-8030-FD19A0086C95}.Release|Any CPU.Build.0 = Release|Any CPU
		{045A6460-C260-4CDA-8030-FD19A0086C95}.Release|Mixed Platforms.ActiveCfg = Release|Any CPU
		{045A6460-C260-4CDA-8030-FD19A0086C95}.Release|Mixed Platforms.Build.0 = Release|Any CPU
		{045A6460-C260-4CDA-8030-FD19A0086C95}.Release|Win32.ActiveCfg = Release|Any CPU
	EndGlobalSection
	GlobalSection(SolutionProperties) = preSolution
		HideSolutionNode = FALSE
	EndGlobalSection
EndGlobal
